
Microsoft Visual Studio Solution File, Format Version 12.00
# Visual Studio Version 16
VisualStudioVersion = 16.0.32228.343
MinimumVisualStudioVersion = 10.0.40219.1
Project("{FAE04EC0-301F-11D3-BF4B-00C04F79EFBC}") = "MVCBasics01", "MVCBasics01.csproj", "{C415619F-0B19-4E0B-96FA-C759E89E27BA}"
EndProject
Global
	GlobalSection(SolutionConfigurationPlatforms) = preSolution
		Debug|Any CPU = Debug|Any CPU
		Release|Any CPU = Release|Any CPU
	EndGlobalSection
	GlobalSection(ProjectConfigurationPlatforms) = postSolution
		{C415619F-0B19-4E0B-96FA-C759E89E27BA}.Debug|Any CPU.ActiveCfg = Debug|Any CPU
		{C415619F-0B19-4E0B-96FA-C759E89E27BA}.Debug|Any CPU.Build.0 = Debug|Any CPU
		{C415619F-0B19-4E0B-96FA-C759E89E27BA}.Release|Any CPU.ActiveCfg = Release|Any CPU
		{C415619F-0B19-4E0B-96FA-C759E89E27BA}.Release|Any CPU.Build.0 = Release|Any CPU
	EndGlobalSection
	GlobalSection(SolutionProperties) = preSolution
		HideSolutionNode = FALSE
	EndGlobalSection
	GlobalSection(ExtensibilityGlobals) = postSolution
		SolutionGuid = {68FDA8A6-3AF8-48EF-9E01-B75D37B31C30}
	EndGlobalSection
EndGlobal
